// !$*UTF8*$!
{
	archiveVersion = 1;
	classes = {
	};
	objectVersion = 46;
	objects = {

/* Begin PBXBuildFile section */
		E5D2316D1EB8C64B0011FF7B /* AppDelegate.swift in Sources */ = {isa = PBXBuildFile; fileRef = E5D2316C1EB8C64B0011FF7B /* AppDelegate.swift */; };
		E5D2316F1EB8C64B0011FF7B /* HomeViewController.swift in Sources */ = {isa = PBXBuildFile; fileRef = E5D2316E1EB8C64B0011FF7B /* HomeViewController.swift */; };
		E5D231741EB8C64B0011FF7B /* Assets.xcassets in Resources */ = {isa = PBXBuildFile; fileRef = E5D231731EB8C64B0011FF7B /* Assets.xcassets */; };
		E5D231771EB8C64B0011FF7B /* LaunchScreen.storyboard in Resources */ = {isa = PBXBuildFile; fileRef = E5D231751EB8C64B0011FF7B /* LaunchScreen.storyboard */; };
		E5D2317F1EB8C9EE0011FF7B /* Main.storyboard in Resources */ = {isa = PBXBuildFile; fileRef = E5D2317E1EB8C9EE0011FF7B /* Main.storyboard */; };
		E5D231821EB8E1E50011FF7B /* Billabong.ttf in Resources */ = {isa = PBXBuildFile; fileRef = E5D231811EB8E1D00011FF7B /* Billabong.ttf */; };
		E5D231841EB912E80011FF7B /* ProfileViewController.swift in Sources */ = {isa = PBXBuildFile; fileRef = E5D231831EB912E80011FF7B /* ProfileViewController.swift */; };
		E5D231861EB9132C0011FF7B /* ActivityViewController.swift in Sources */ = {isa = PBXBuildFile; fileRef = E5D231851EB9132C0011FF7B /* ActivityViewController.swift */; };
		E5D231881EB913410011FF7B /* SearchViewController.swift in Sources */ = {isa = PBXBuildFile; fileRef = E5D231871EB913410011FF7B /* SearchViewController.swift */; };
		E5E731701ED1458500608C33 /* DirectMessageViewController.swift in Sources */ = {isa = PBXBuildFile; fileRef = E5E7316F1ED1458500608C33 /* DirectMessageViewController.swift */; };
		E5E731721ED1459D00608C33 /* CameraViewController.swift in Sources */ = {isa = PBXBuildFile; fileRef = E5E731711ED1459D00608C33 /* CameraViewController.swift */; };
/* End PBXBuildFile section */

/* Begin PBXFileReference section */
		E5D231691EB8C64B0011FF7B /* Instagram.app */ = {isa = PBXFileReference; explicitFileType = wrapper.application; includeInIndex = 0; path = Instagram.app; sourceTree = BUILT_PRODUCTS_DIR; };
		E5D2316C1EB8C64B0011FF7B /* AppDelegate.swift */ = {isa = PBXFileReference; lastKnownFileType = sourcecode.swift; path = AppDelegate.swift; sourceTree = "<group>"; };
		E5D2316E1EB8C64B0011FF7B /* HomeViewController.swift */ = {isa = PBXFileReference; lastKnownFileType = sourcecode.swift; path = HomeViewController.swift; sourceTree = "<group>"; };
		E5D231731EB8C64B0011FF7B /* Assets.xcassets */ = {isa = PBXFileReference; lastKnownFileType = folder.assetcatalog; path = Assets.xcassets; sourceTree = "<group>"; };
		E5D231761EB8C64B0011FF7B /* Base */ = {isa = PBXFileReference; lastKnownFileType = file.storyboard; name = Base; path = Base.lproj/LaunchScreen.storyboard; sourceTree = "<group>"; };
		E5D231781EB8C64B0011FF7B /* Info.plist */ = {isa = PBXFileReference; lastKnownFileType = text.plist.xml; path = Info.plist; sourceTree = "<group>"; };
		E5D2317E1EB8C9EE0011FF7B /* Main.storyboard */ = {isa = PBXFileReference; fileEncoding = 4; lastKnownFileType = file.storyboard; path = Main.storyboard; sourceTree = "<group>"; };
		E5D231811EB8E1D00011FF7B /* Billabong.ttf */ = {isa = PBXFileReference; lastKnownFileType = file; path = Billabong.ttf; sourceTree = "<group>"; };
		E5D231831EB912E80011FF7B /* ProfileViewController.swift */ = {isa = PBXFileReference; fileEncoding = 4; lastKnownFileType = sourcecode.swift; path = ProfileViewController.swift; sourceTree = "<group>"; };
		E5D231851EB9132C0011FF7B /* ActivityViewController.swift */ = {isa = PBXFileReference; fileEncoding = 4; lastKnownFileType = sourcecode.swift; path = ActivityViewController.swift; sourceTree = "<group>"; };
		E5D231871EB913410011FF7B /* SearchViewController.swift */ = {isa = PBXFileReference; fileEncoding = 4; lastKnownFileType = sourcecode.swift; path = SearchViewController.swift; sourceTree = "<group>"; };
		E5E7316F1ED1458500608C33 /* DirectMessageViewController.swift */ = {isa = PBXFileReference; fileEncoding = 4; lastKnownFileType = sourcecode.swift; path = DirectMessageViewController.swift; sourceTree = "<group>"; };
		E5E731711ED1459D00608C33 /* CameraViewController.swift */ = {isa = PBXFileReference; fileEncoding = 4; lastKnownFileType = sourcecode.swift; path = CameraViewController.swift; sourceTree = "<group>"; };
/* End PBXFileReference section */

/* Begin PBXFrameworksBuildPhase section */
		E5D231661EB8C64B0011FF7B /* Frameworks */ = {
			isa = PBXFrameworksBuildPhase;
			buildActionMask = 2147483647;
			files = (
			);
			runOnlyForDeploymentPostprocessing = 0;
		};
/* End PBXFrameworksBuildPhase section */

/* Begin PBXGroup section */
		E5D231601EB8C64B0011FF7B = {
			isa = PBXGroup;
			children = (
				E5D2316B1EB8C64B0011FF7B /* Instagram */,
				E5D2316A1EB8C64B0011FF7B /* Products */,
			);
			sourceTree = "<group>";
		};
		E5D2316A1EB8C64B0011FF7B /* Products */ = {
			isa = PBXGroup;
			children = (
				E5D231691EB8C64B0011FF7B /* Instagram.app */,
			);
			name = Products;
			sourceTree = "<group>";
		};
		E5D2316B1EB8C64B0011FF7B /* Instagram */ = {
			isa = PBXGroup;
			children = (
				E5D231801EB8E1C30011FF7B /* Fonts */,
				E5D2316C1EB8C64B0011FF7B /* AppDelegate.swift */,
				E5D2316E1EB8C64B0011FF7B /* HomeViewController.swift */,
				E5E7316F1ED1458500608C33 /* DirectMessageViewController.swift */,
				E5E731711ED1459D00608C33 /* CameraViewController.swift */,
				E5D231871EB913410011FF7B /* SearchViewController.swift */,
				E5D231851EB9132C0011FF7B /* ActivityViewController.swift */,
				E5D231831EB912E80011FF7B /* ProfileViewController.swift */,
				E5D2317E1EB8C9EE0011FF7B /* Main.storyboard */,
				E5D231731EB8C64B0011FF7B /* Assets.xcassets */,
				E5D231751EB8C64B0011FF7B /* LaunchScreen.storyboard */,
				E5D231781EB8C64B0011FF7B /* Info.plist */,
			);
			path = Instagram;
			sourceTree = "<group>";
		};
		E5D231801EB8E1C30011FF7B /* Fonts */ = {
			isa = PBXGroup;
			children = (
				E5D231811EB8E1D00011FF7B /* Billabong.ttf */,
			);
			name = Fonts;
			sourceTree = "<group>";
		};
/* End PBXGroup section */

/* Begin PBXNativeTarget section */
		E5D231681EB8C64B0011FF7B /* Instagram */ = {
			isa = PBXNativeTarget;
			buildConfigurationList = E5D2317B1EB8C64B0011FF7B /* Build configuration list for PBXNativeTarget "Instagram" */;
			buildPhases = (
				E5D231651EB8C64B0011FF7B /* Sources */,
				E5D231661EB8C64B0011FF7B /* Frameworks */,
				E5D231671EB8C64B0011FF7B /* Resources */,
			);
			buildRules = (
			);
			dependencies = (
			);
			name = Instagram;
			productName = Instagram;
			productReference = E5D231691EB8C64B0011FF7B /* Instagram.app */;
			productType = "com.apple.product-type.application";
		};
/* End PBXNativeTarget section */

/* Begin PBXProject section */
		E5D231611EB8C64B0011FF7B /* Project object */ = {
			isa = PBXProject;
			attributes = {
				LastSwiftUpdateCheck = 0830;
				LastUpgradeCheck = 0830;
				ORGANIZATIONNAME = Piyush;
				TargetAttributes = {
					E5D231681EB8C64B0011FF7B = {
						CreatedOnToolsVersion = 8.3.2;
						DevelopmentTeam = 9VZQ88X2JQ;
						ProvisioningStyle = Automatic;
					};
				};
			};
			buildConfigurationList = E5D231641EB8C64B0011FF7B /* Build configuration list for PBXProject "Instagram" */;
			compatibilityVersion = "Xcode 3.2";
			developmentRegion = English;
			hasScannedForEncodings = 0;
			knownRegions = (
				en,
				Base,
			);
			mainGroup = E5D231601EB8C64B0011FF7B;
			productRefGroup = E5D2316A1EB8C64B0011FF7B /* Products */;
			projectDirPath = "";
			projectRoot = "";
			targets = (
				E5D231681EB8C64B0011FF7B /* Instagram */,
			);
		};
/* End PBXProject section */

/* Begin PBXResourcesBuildPhase section */
		E5D231671EB8C64B0011FF7B /* Resources */ = {
			isa = PBXResourcesBuildPhase;
			buildActionMask = 2147483647;
			files = (
				E5D231821EB8E1E50011FF7B /* Billabong.ttf in Resources */,
				E5D2317F1EB8C9EE0011FF7B /* Main.storyboard in Resources */,
				E5D231771EB8C64B0011FF7B /* LaunchScreen.storyboard in Resources */,
				E5D231741EB8C64B0011FF7B /* Assets.xcassets in Resources */,
			);
			runOnlyForDeploymentPostprocessing = 0;
		};
/* End PBXResourcesBuildPhase section */

/* Begin PBXSourcesBuildPhase section */
		E5D231651EB8C64B0011FF7B /* Sources */ = {
			isa = PBXSourcesBuildPhase;
			buildActionMask = 2147483647;
			files = (
				E5D231881EB913410011FF7B /* SearchViewController.swift in Sources */,
				E5D231841EB912E80011FF7B /* ProfileViewController.swift in Sources */,
				E5D2316F1EB8C64B0011FF7B /* HomeViewController.swift in Sources */,
				E5D2316D1EB8C64B0011FF7B /* AppDelegate.swift in Sources */,
				E5E731721ED1459D00608C33 /* CameraViewController.swift in Sources */,
				E5D231861EB9132C0011FF7B /* ActivityViewController.swift in Sources */,
				E5E731701ED1458500608C33 /* DirectMessageViewController.swift in Sources */,
			);
			runOnlyForDeploymentPostprocessing = 0;
		};
/* End PBXSourcesBuildPhase section */

/* Begin PBXVariantGroup section */
		E5D231751EB8C64B0011FF7B /* LaunchScreen.storyboard */ = {
			isa = PBXVariantGroup;
			children = (
				E5D231761EB8C64B0011FF7B /* Base */,
			);
			name = LaunchScreen.storyboard;
			sourceTree = "<group>";
		};
/* End PBXVariantGroup section */

/* Begin XCBuildConfiguration section */
		E5D231791EB8C64B0011FF7B /* Debug */ = {
			isa = XCBuildConfiguration;
			buildSettings = {
				ALWAYS_SEARCH_USER_PATHS = NO;
				CLANG_ANALYZER_NONNULL = YES;
				CLANG_ANALYZER_NUMBER_OBJECT_CONVERSION = YES_AGGRESSIVE;
				CLANG_CXX_LANGUAGE_STANDARD = "gnu++0x";
				CLANG_CXX_LIBRARY = "libc++";
				CLANG_ENABLE_MODULES = YES;
				CLANG_ENABLE_OBJC_ARC = YES;
				CLANG_WARN_BOOL_CONVERSION = YES;
				CLANG_WARN_CONSTANT_CONVERSION = YES;
				CLANG_WARN_DIRECT_OBJC_ISA_USAGE = YES_ERROR;
				CLANG_WARN_DOCUMENTATION_COMMENTS = YES;
				CLANG_WARN_EMPTY_BODY = YES;
				CLANG_WARN_ENUM_CONVERSION = YES;
				CLANG_WARN_INFINITE_RECURSION = YES;
				CLANG_WARN_INT_CONVERSION = YES;
				CLANG_WARN_OBJC_ROOT_CLASS = YES_ERROR;
				CLANG_WARN_SUSPICIOUS_MOVE = YES;
				CLANG_WARN_UNREACHABLE_CODE = YES;
				CLANG_WARN__DUPLICATE_METHOD_MATCH = YES;
				"CODE_SIGN_IDENTITY[sdk=iphoneos*]" = "iPhone Developer";
				COPY_PHASE_STRIP = NO;
				DEBUG_INFORMATION_FORMAT = dwarf;
				ENABLE_STRICT_OBJC_MSGSEND = YES;
				ENABLE_TESTABILITY = YES;
				GCC_C_LANGUAGE_STANDARD = gnu99;
				GCC_DYNAMIC_NO_PIC = NO;
				GCC_NO_COMMON_BLOCKS = YES;
				GCC_OPTIMIZATION_LEVEL = 0;
				GCC_PREPROCESSOR_DEFINITIONS = (
					"DEBUG=1",
					"$(inherited)",
				);
				GCC_WARN_64_TO_32_BIT_CONVERSION = YES;
				GCC_WARN_ABOUT_RETURN_TYPE = YES_ERROR;
				GCC_WARN_UNDECLARED_SELECTOR = YES;
				GCC_WARN_UNINITIALIZED_AUTOS = YES_AGGRESSIVE;
				GCC_WARN_UNUSED_FUNCTION = YES;
				GCC_WARN_UNUSED_VARIABLE = YES;
				IPHONEOS_DEPLOYMENT_TARGET = 10.3;
				MTL_ENABLE_DEBUG_INFO = YES;
				ONLY_ACTIVE_ARCH = YES;
				SDKROOT = iphoneos;
				SWIFT_ACTIVE_COMPILATION_CONDITIONS = DEBUG;
				SWIFT_OPTIMIZATION_LEVEL = "-Onone";
			};
			name = Debug;
		};
		E5D2317A1EB8C64B0011FF7B /* Release */ = {
			isa = XCBuildConfiguration;
			buildSettings = {
				ALWAYS_SEARCH_USER_PATHS = NO;
				CLANG_ANALYZER_NONNULL = YES;
				CLANG_ANALYZER_NUMBER_OBJECT_CONVERSION = YES_AGGRESSIVE;
				CLANG_CXX_LANGUAGE_STANDARD = "gnu++0x";
				CLANG_CXX_LIBRARY = "libc++";
				CLANG_ENABLE_MODULES = YES;
				CLANG_ENABLE_OBJC_ARC = YES;
				CLANG_WARN_BOOL_CONVERSION = YES;
				CLANG_WARN_CONSTANT_CONVERSION = YES;
				CLANG_WARN_DIRECT_OBJC_ISA_USAGE = YES_ERROR;
				CLANG_WARN_DOCUMENTATION_COMMENTS = YES;
				CLANG_WARN_EMPTY_BODY = YES;
				CLANG_WARN_ENUM_CONVERSION = YES;
				CLANG_WARN_INFINITE_RECURSION = YES;
				CLANG_WARN_INT_CONVERSION = YES;
				CLANG_WARN_OBJC_ROOT_CLASS = YES_ERROR;
				CLANG_WARN_SUSPICIOUS_MOVE = YES;
				CLANG_WARN_UNREACHABLE_CODE = YES;
				CLANG_WARN__DUPLICATE_METHOD_MATCH = YES;
				"CODE_SIGN_IDENTITY[sdk=iphoneos*]" = "iPhone Developer";
				COPY_PHASE_STRIP = NO;
				DEBUG_INFORMATION_FORMAT = "dwarf-with-dsym";
				ENABLE_NS_ASSERTIONS = NO;
				ENABLE_STRICT_OBJC_MSGSEND = YES;
				GCC_C_LANGUAGE_STANDARD = gnu99;
				GCC_NO_COMMON_BLOCKS = YES;
				GCC_WARN_64_TO_32_BIT_CONVERSION = YES;
				GCC_WARN_ABOUT_RETURN_TYPE = YES_ERROR;
				GCC_WARN_UNDECLARED_SELECTOR = YES;
				GCC_WARN_UNINITIALIZED_AUTOS = YES_AGGRESSIVE;
				GCC_WARN_UNUSED_FUNCTION = YES;
				GCC_WARN_UNUSED_VARIABLE = YES;
				IPHONEOS_DEPLOYMENT_TARGET = 10.3;
				MTL_ENABLE_DEBUG_INFO = NO;
				SDKROOT = iphoneos;
				SWIFT_OPTIMIZATION_LEVEL = "-Owholemodule";
				VALIDATE_PRODUCT = YES;
			};
			name = Release;
		};
		E5D2317C1EB8C64B0011FF7B /* Debug */ = {
			isa = XCBuildConfiguration;
			buildSettings = {
				ASSETCATALOG_COMPILER_APPICON_NAME = AppIcon;
				DEVELOPMENT_TEAM = 9VZQ88X2JQ;
				INFOPLIST_FILE = Instagram/Info.plist;
				LD_RUNPATH_SEARCH_PATHS = "$(inherited) @executable_path/Frameworks";
				PRODUCT_BUNDLE_IDENTIFIER = com.piyush.Instagram;
				PRODUCT_NAME = "$(TARGET_NAME)";
				SWIFT_VERSION = 3.0;
			};
			name = Debug;
		};
		E5D2317D1EB8C64B0011FF7B /* Release */ = {
			isa = XCBuildConfiguration;
			buildSettings = {
				ASSETCATALOG_COMPILER_APPICON_NAME = AppIcon;
				DEVELOPMENT_TEAM = 9VZQ88X2JQ;
				INFOPLIST_FILE = Instagram/Info.plist;
				LD_RUNPATH_SEARCH_PATHS = "$(inherited) @executable_path/Frameworks";
				PRODUCT_BUNDLE_IDENTIFIER = com.piyush.Instagram;
				PRODUCT_NAME = "$(TARGET_NAME)";
				SWIFT_VERSION = 3.0;
			};
			name = Release;
		};
/* End XCBuildConfiguration section */

/* Begin XCConfigurationList section */
		E5D231641EB8C64B0011FF7B /* Build configuration list for PBXProject "Instagram" */ = {
			isa = XCConfigurationList;
			buildConfigurations = (
				E5D231791EB8C64B0011FF7B /* Debug */,
				E5D2317A1EB8C64B0011FF7B /* Release */,
			);
			defaultConfigurationIsVisible = 0;
			defaultConfigurationName = Release;
		};
		E5D2317B1EB8C64B0011FF7B /* Build configuration list for PBXNativeTarget "Instagram" */ = {
			isa = XCConfigurationList;
			buildConfigurations = (
				E5D2317C1EB8C64B0011FF7B /* Debug */,
				E5D2317D1EB8C64B0011FF7B /* Release */,
			);
			defaultConfigurationIsVisible = 0;
			defaultConfigurationName = Release;
		};
/* End XCConfigurationList section */
	};
	rootObject = E5D231611EB8C64B0011FF7B /* Project object */;
}
